
Microsoft Visual Studio Solution File, Format Version 12.00
# Visual Studio Version 16
VisualStudioVersion = 16.0.31424.327
MinimumVisualStudioVersion = 10.0.40219.1
Project("{D954291E-2A0B-460D-934E-DC6B0785DB48}") = "GUIs.Shared", "GUIs\GUIs.Shared\GUIs.Shared.shproj", "{6279C845-92F8-4333-AB99-3D213163593C}"
EndProject
Project("{2150E333-8FDC-42A3-9474-1A3956D46DE8}") = "Platforms", "Platforms", "{D8498401-D09F-46A5-842D-0EBA625DB2EF}"
EndProject
Project("{FAE04EC0-301F-11D3-BF4B-00C04F79EFBC}") = "GUIs.Droid", "GUIs\GUIs.Droid\GUIs.Droid.csproj", "{A274FBD3-89DA-41BC-809A-0A739AF8BFF3}"
EndProject
Project("{FAE04EC0-301F-11D3-BF4B-00C04F79EFBC}") = "GUIs.iOS", "GUIs\GUIs.iOS\GUIs.iOS.csproj", "{0B3804E2-E681-43BB-9FCB-CF2E5B1E974E}"
EndProject
Project("{FAE04EC0-301F-11D3-BF4B-00C04F79EFBC}") = "GUIs.UWP", "GUIs\GUIs.UWP\GUIs.UWP.csproj", "{C76708C2-5524-45C5-B551-22CDDB1C9A17}"
EndProject
Project("{9A19103F-16F7-4668-BE54-9A1E7A4F7556}") = "GUIs.Wasm", "GUIs\GUIs.Wasm\GUIs.Wasm.csproj", "{DBFC429A-5F21-4757-8765-66DCEC8E721C}"
EndProject
Project("{FAE04EC0-301F-11D3-BF4B-00C04F79EFBC}") = "GUIs.macOS", "GUIs\GUIs.macOS\GUIs.macOS.csproj", "{DEEFF9A5-A678-4A6E-ABD1-57CB1B7C1BDE}"
EndProject
Project("{9A19103F-16F7-4668-BE54-9A1E7A4F7556}") = "GUIs.Skia.Gtk", "GUIs\GUIs.Skia.Gtk\GUIs.Skia.Gtk.csproj", "{EDAB9595-32EF-44F3-A3BE-36BA56CD6545}"
EndProject
Global
	GlobalSection(SharedMSBuildProjectFiles) = preSolution
		GUIs\GUIs.Shared\GUIs.Shared.projitems*{0b3804e2-e681-43bb-9fcb-cf2e5b1e974e}*SharedItemsImports = 4
		GUIs\GUIs.Shared\GUIs.Shared.projitems*{6279c845-92f8-4333-ab99-3d213163593c}*SharedItemsImports = 13
		GUIs\GUIs.Shared\GUIs.Shared.projitems*{a274fbd3-89da-41bc-809a-0a739af8bff3}*SharedItemsImports = 4
		GUIs\GUIs.Shared\GUIs.Shared.projitems*{c76708c2-5524-45c5-b551-22cddb1c9a17}*SharedItemsImports = 4
		GUIs\GUIs.Shared\GUIs.Shared.projitems*{dbfc429a-5f21-4757-8765-66dcec8e721c}*SharedItemsImports = 5
		GUIs\GUIs.Shared\GUIs.Shared.projitems*{deeff9a5-a678-4a6e-abd1-57cb1b7c1bde}*SharedItemsImports = 4
		GUIs\GUIs.Shared\GUIs.Shared.projitems*{edab9595-32ef-44f3-a3be-36ba56cd6545}*SharedItemsImports = 5
	EndGlobalSection
	GlobalSection(SolutionConfigurationPlatforms) = preSolution
		Ad-Hoc|Any CPU = Ad-Hoc|Any CPU
		Ad-Hoc|ARM = Ad-Hoc|ARM
		Ad-Hoc|ARM64 = Ad-Hoc|ARM64
		Ad-Hoc|iPhone = Ad-Hoc|iPhone
		Ad-Hoc|iPhoneSimulator = Ad-Hoc|iPhoneSimulator
		Ad-Hoc|x64 = Ad-Hoc|x64
		Ad-Hoc|x86 = Ad-Hoc|x86
		AppStore|Any CPU = AppStore|Any CPU
		AppStore|ARM = AppStore|ARM
		AppStore|ARM64 = AppStore|ARM64
		AppStore|iPhone = AppStore|iPhone
		AppStore|iPhoneSimulator = AppStore|iPhoneSimulator
		AppStore|x64 = AppStore|x64
		AppStore|x86 = AppStore|x86
		Debug|Any CPU = Debug|Any CPU
		Debug|ARM = Debug|ARM
		Debug|ARM64 = Debug|ARM64
		Debug|iPhone = Debug|iPhone
		Debug|iPhoneSimulator = Debug|iPhoneSimulator
		Debug|x64 = Debug|x64
		Debug|x86 = Debug|x86
		Release|Any CPU = Release|Any CPU
		Release|ARM = Release|ARM
		Release|ARM64 = Release|ARM64
		Release|iPhone = Release|iPhone
		Release|iPhoneSimulator = Release|iPhoneSimulator
		Release|x64 = Release|x64
		Release|x86 = Release|x86
	EndGlobalSection
	GlobalSection(ProjectConfigurationPlatforms) = postSolution
		{A274FBD3-89DA-41BC-809A-0A739AF8BFF3}.Ad-Hoc|Any CPU.ActiveCfg = Debug|Any CPU
		{A274FBD3-89DA-41BC-809A-0A739AF8BFF3}.Ad-Hoc|Any CPU.Build.0 = Debug|Any CPU
		{A274FBD3-89DA-41BC-809A-0A739AF8BFF3}.Ad-Hoc|Any CPU.Deploy.0 = Debug|Any CPU
		{A274FBD3-89DA-41BC-809A-0A739AF8BFF3}.Ad-Hoc|ARM.ActiveCfg = Debug|Any CPU
		{A274FBD3-89DA-41BC-809A-0A739AF8BFF3}.Ad-Hoc|ARM.Build.0 = Debug|Any CPU
		{A274FBD3-89DA-41BC-809A-0A739AF8BFF3}.Ad-Hoc|ARM.Deploy.0 = Debug|Any CPU
		{A274FBD3-89DA-41BC-809A-0A739AF8BFF3}.Ad-Hoc|ARM64.ActiveCfg = Debug|Any CPU
		{A274FBD3-89DA-41BC-809A-0A739AF8BFF3}.Ad-Hoc|ARM64.Build.0 = Debug|Any CPU
		{A274FBD3-89DA-41BC-809A-0A739AF8BFF3}.Ad-Hoc|ARM64.Deploy.0 = Debug|Any CPU
		{A274FBD3-89DA-41BC-809A-0A739AF8BFF3}.Ad-Hoc|iPhone.ActiveCfg = Debug|Any CPU
		{A274FBD3-89DA-41BC-809A-0A739AF8BFF3}.Ad-Hoc|iPhone.Build.0 = Debug|Any CPU
		{A274FBD3-89DA-41BC-809A-0A739AF8BFF3}.Ad-Hoc|iPhone.Deploy.0 = Debug|Any CPU
		{A274FBD3-89DA-41BC-809A-0A739AF8BFF3}.Ad-Hoc|iPhoneSimulator.ActiveCfg = Debug|Any CPU
		{A274FBD3-89DA-41BC-809A-0A739AF8BFF3}.Ad-Hoc|iPhoneSimulator.Build.0 = Debug|Any CPU
		{A274FBD3-89DA-41BC-809A-0A739AF8BFF3}.Ad-Hoc|iPhoneSimulator.Deploy.0 = Debug|Any CPU
		{A274FBD3-89DA-41BC-809A-0A739AF8BFF3}.Ad-Hoc|x64.ActiveCfg = Debug|Any CPU
		{A274FBD3-89DA-41BC-809A-0A739AF8BFF3}.Ad-Hoc|x64.Build.0 = Debug|Any CPU
		{A274FBD3-89DA-41BC-809A-0A739AF8BFF3}.Ad-Hoc|x64.Deploy.0 = Debug|Any CPU
		{A274FBD3-89DA-41BC-809A-0A739AF8BFF3}.Ad-Hoc|x86.ActiveCfg = Debug|Any CPU
		{A274FBD3-89DA-41BC-809A-0A739AF8BFF3}.Ad-Hoc|x86.Build.0 = Debug|Any CPU
		{A274FBD3-89DA-41BC-809A-0A739AF8BFF3}.Ad-Hoc|x86.Deploy.0 = Debug|Any CPU
		{A274FBD3-89DA-41BC-809A-0A739AF8BFF3}.AppStore|Any CPU.ActiveCfg = Debug|Any CPU
		{A274FBD3-89DA-41BC-809A-0A739AF8BFF3}.AppStore|Any CPU.Build.0 = Debug|Any CPU
		{A274FBD3-89DA-41BC-809A-0A739AF8BFF3}.AppStore|Any CPU.Deploy.0 = Debug|Any CPU
		{A274FBD3-89DA-41BC-809A-0A739AF8BFF3}.AppStore|ARM.ActiveCfg = Debug|Any CPU
		{A274FBD3-89DA-41BC-809A-0A739AF8BFF3}.AppStore|ARM.Build.0 = Debug|Any CPU
		{A274FBD3-89DA-41BC-809A-0A739AF8BFF3}.AppStore|ARM.Deploy.0 = Debug|Any CPU
		{A274FBD3-89DA-41BC-809A-0A739AF8BFF3}.AppStore|ARM64.ActiveCfg = Debug|Any CPU
		{A274FBD3-89DA-41BC-809A-0A739AF8BFF3}.AppStore|ARM64.Build.0 = Debug|Any CPU
		{A274FBD3-89DA-41BC-809A-0A739AF8BFF3}.AppStore|ARM64.Deploy.0 = Debug|Any CPU
		{A274FBD3-89DA-41BC-809A-0A739AF8BFF3}.AppStore|iPhone.ActiveCfg = Debug|Any CPU
		{A274FBD3-89DA-41BC-809A-0A739AF8BFF3}.AppStore|iPhone.Build.0 = Debug|Any CPU
		{A274FBD3-89DA-41BC-809A-0A739AF8BFF3}.AppStore|iPhone.Deploy.0 = Debug|Any CPU
		{A274FBD3-89DA-41BC-809A-0A739AF8BFF3}.AppStore|iPhoneSimulator.ActiveCfg = Debug|Any CPU
		{A274FBD3-89DA-41BC-809A-0A739AF8BFF3}.AppStore|iPhoneSimulator.Build.0 = Debug|Any CPU
		{A274FBD3-89DA-41BC-809A-0A739AF8BFF3}.AppStore|iPhoneSimulator.Deploy.0 = Debug|Any CPU
		{A274FBD3-89DA-41BC-809A-0A739AF8BFF3}.AppStore|x64.ActiveCfg = Debug|Any CPU
		{A274FBD3-89DA-41BC-809A-0A739AF8BFF3}.AppStore|x64.Build.0 = Debug|Any CPU
		{A274FBD3-89DA-41BC-809A-0A739AF8BFF3}.AppStore|x64.Deploy.0 = Debug|Any CPU
		{A274FBD3-89DA-41BC-809A-0A739AF8BFF3}.AppStore|x86.ActiveCfg = Debug|Any CPU
		{A274FBD3-89DA-41BC-809A-0A739AF8BFF3}.AppStore|x86.Build.0 = Debug|Any CPU
		{A274FBD3-89DA-41BC-809A-0A739AF8BFF3}.AppStore|x86.Deploy.0 = Debug|Any CPU
		{A274FBD3-89DA-41BC-809A-0A739AF8BFF3}.Debug|Any CPU.ActiveCfg = Debug|Any CPU
		{A274FBD3-89DA-41BC-809A-0A739AF8BFF3}.Debug|Any CPU.Build.0 = Debug|Any CPU
		{A274FBD3-89DA-41BC-809A-0A739AF8BFF3}.Debug|Any CPU.Deploy.0 = Debug|Any CPU
		{A274FBD3-89DA-41BC-809A-0A739AF8BFF3}.Debug|ARM.ActiveCfg = Debug|Any CPU
		{A274FBD3-89DA-41BC-809A-0A739AF8BFF3}.Debug|ARM.Build.0 = Debug|Any CPU
		{A274FBD3-89DA-41BC-809A-0A739AF8BFF3}.Debug|ARM.Deploy.0 = Debug|Any CPU
		{A274FBD3-89DA-41BC-809A-0A739AF8BFF3}.Debug|ARM64.ActiveCfg = Debug|Any CPU
		{A274FBD3-89DA-41BC-809A-0A739AF8BFF3}.Debug|ARM64.Build.0 = Debug|Any CPU
		{A274FBD3-89DA-41BC-809A-0A739AF8BFF3}.Debug|ARM64.Deploy.0 = Debug|Any CPU
		{A274FBD3-89DA-41BC-809A-0A739AF8BFF3}.Debug|iPhone.ActiveCfg = Debug|Any CPU
		{A274FBD3-89DA-41BC-809A-0A739AF8BFF3}.Debug|iPhone.Build.0 = Debug|Any CPU
		{A274FBD3-89DA-41BC-809A-0A739AF8BFF3}.Debug|iPhone.Deploy.0 = Debug|Any CPU
		{A274FBD3-89DA-41BC-809A-0A739AF8BFF3}.Debug|iPhoneSimulator.ActiveCfg = Debug|Any CPU
		{A274FBD3-89DA-41BC-809A-0A739AF8BFF3}.Debug|iPhoneSimulator.Build.0 = Debug|Any CPU
		{A274FBD3-89DA-41BC-809A-0A739AF8BFF3}.Debug|iPhoneSimulator.Deploy.0 = Debug|Any CPU
		{A274FBD3-89DA-41BC-809A-0A739AF8BFF3}.Debug|x64.ActiveCfg = Debug|Any CPU
		{A274FBD3-89DA-41BC-809A-0A739AF8BFF3}.Debug|x64.Build.0 = Debug|Any CPU
		{A274FBD3-89DA-41BC-809A-0A739AF8BFF3}.Debug|x64.Deploy.0 = Debug|Any CPU
		{A274FBD3-89DA-41BC-809A-0A739AF8BFF3}.Debug|x86.ActiveCfg = Debug|Any CPU
		{A274FBD3-89DA-41BC-809A-0A739AF8BFF3}.Debug|x86.Build.0 = Debug|Any CPU
		{A274FBD3-89DA-41BC-809A-0A739AF8BFF3}.Debug|x86.Deploy.0 = Debug|Any CPU
		{A274FBD3-89DA-41BC-809A-0A739AF8BFF3}.Release|Any CPU.ActiveCfg = Release|Any CPU
		{A274FBD3-89DA-41BC-809A-0A739AF8BFF3}.Release|Any CPU.Build.0 = Release|Any CPU
		{A274FBD3-89DA-41BC-809A-0A739AF8BFF3}.Release|Any CPU.Deploy.0 = Release|Any CPU
		{A274FBD3-89DA-41BC-809A-0A739AF8BFF3}.Release|ARM.ActiveCfg = Release|Any CPU
		{A274FBD3-89DA-41BC-809A-0A739AF8BFF3}.Release|ARM.Build.0 = Release|Any CPU
		{A274FBD3-89DA-41BC-809A-0A739AF8BFF3}.Release|ARM.Deploy.0 = Release|Any CPU
		{A274FBD3-89DA-41BC-809A-0A739AF8BFF3}.Release|ARM64.ActiveCfg = Release|Any CPU
		{A274FBD3-89DA-41BC-809A-0A739AF8BFF3}.Release|ARM64.Build.0 = Release|Any CPU
		{A274FBD3-89DA-41BC-809A-0A739AF8BFF3}.Release|ARM64.Deploy.0 = Release|Any CPU
		{A274FBD3-89DA-41BC-809A-0A739AF8BFF3}.Release|iPhone.ActiveCfg = Release|Any CPU
		{A274FBD3-89DA-41BC-809A-0A739AF8BFF3}.Release|iPhone.Build.0 = Release|Any CPU
		{A274FBD3-89DA-41BC-809A-0A739AF8BFF3}.Release|iPhone.Deploy.0 = Release|Any CPU
		{A274FBD3-89DA-41BC-809A-0A739AF8BFF3}.Release|iPhoneSimulator.ActiveCfg = Release|Any CPU
		{A274FBD3-89DA-41BC-809A-0A739AF8BFF3}.Release|iPhoneSimulator.Build.0 = Release|Any CPU
		{A274FBD3-89DA-41BC-809A-0A739AF8BFF3}.Release|iPhoneSimulator.Deploy.0 = Release|Any CPU
		{A274FBD3-89DA-41BC-809A-0A739AF8BFF3}.Release|x64.ActiveCfg = Release|Any CPU
		{A274FBD3-89DA-41BC-809A-0A739AF8BFF3}.Release|x64.Build.0 = Release|Any CPU
		{A274FBD3-89DA-41BC-809A-0A739AF8BFF3}.Release|x64.Deploy.0 = Release|Any CPU
		{A274FBD3-89DA-41BC-809A-0A739AF8BFF3}.Release|x86.ActiveCfg = Release|Any CPU
		{A274FBD3-89DA-41BC-809A-0A739AF8BFF3}.Release|x86.Build.0 = Release|Any CPU
		{A274FBD3-89DA-41BC-809A-0A739AF8BFF3}.Release|x86.Deploy.0 = Release|Any CPU
		{0B3804E2-E681-43BB-9FCB-CF2E5B1E974E}.Ad-Hoc|Any CPU.ActiveCfg = Ad-Hoc|iPhoneSimulator
		{0B3804E2-E681-43BB-9FCB-CF2E5B1E974E}.Ad-Hoc|ARM.ActiveCfg = Ad-Hoc|iPhoneSimulator
		{0B3804E2-E681-43BB-9FCB-CF2E5B1E974E}.Ad-Hoc|ARM64.ActiveCfg = Ad-Hoc|iPhoneSimulator
		{0B3804E2-E681-43BB-9FCB-CF2E5B1E974E}.Ad-Hoc|iPhone.ActiveCfg = Ad-Hoc|iPhone
		{0B3804E2-E681-43BB-9FCB-CF2E5B1E974E}.Ad-Hoc|iPhone.Build.0 = Ad-Hoc|iPhone
		{0B3804E2-E681-43BB-9FCB-CF2E5B1E974E}.Ad-Hoc|iPhoneSimulator.ActiveCfg = Ad-Hoc|iPhoneSimulator
		{0B3804E2-E681-43BB-9FCB-CF2E5B1E974E}.Ad-Hoc|iPhoneSimulator.Build.0 = Ad-Hoc|iPhoneSimulator
		{0B3804E2-E681-43BB-9FCB-CF2E5B1E974E}.Ad-Hoc|x64.ActiveCfg = Ad-Hoc|iPhoneSimulator
		{0B3804E2-E681-43BB-9FCB-CF2E5B1E974E}.Ad-Hoc|x86.ActiveCfg = Ad-Hoc|iPhoneSimulator
		{0B3804E2-E681-43BB-9FCB-CF2E5B1E974E}.AppStore|Any CPU.ActiveCfg = AppStore|iPhoneSimulator
		{0B3804E2-E681-43BB-9FCB-CF2E5B1E974E}.AppStore|ARM.ActiveCfg = AppStore|iPhoneSimulator
		{0B3804E2-E681-43BB-9FCB-CF2E5B1E974E}.AppStore|ARM64.ActiveCfg = AppStore|iPhoneSimulator
		{0B3804E2-E681-43BB-9FCB-CF2E5B1E974E}.AppStore|iPhone.ActiveCfg = AppStore|iPhone
		{0B3804E2-E681-43BB-9FCB-CF2E5B1E974E}.AppStore|iPhone.Build.0 = AppStore|iPhone
		{0B3804E2-E681-43BB-9FCB-CF2E5B1E974E}.AppStore|iPhoneSimulator.ActiveCfg = AppStore|iPhoneSimulator
		{0B3804E2-E681-43BB-9FCB-CF2E5B1E974E}.AppStore|iPhoneSimulator.Build.0 = AppStore|iPhoneSimulator
		{0B3804E2-E681-43BB-9FCB-CF2E5B1E974E}.AppStore|x64.ActiveCfg = AppStore|iPhoneSimulator
		{0B3804E2-E681-43BB-9FCB-CF2E5B1E974E}.AppStore|x86.ActiveCfg = AppStore|iPhoneSimulator
		{0B3804E2-E681-43BB-9FCB-CF2E5B1E974E}.Debug|Any CPU.ActiveCfg = Debug|iPhoneSimulator
		{0B3804E2-E681-43BB-9FCB-CF2E5B1E974E}.Debug|ARM.ActiveCfg = Debug|iPhoneSimulator
		{0B3804E2-E681-43BB-9FCB-CF2E5B1E974E}.Debug|ARM64.ActiveCfg = Debug|iPhoneSimulator
		{0B3804E2-E681-43BB-9FCB-CF2E5B1E974E}.Debug|iPhone.ActiveCfg = Debug|iPhone
		{0B3804E2-E681-43BB-9FCB-CF2E5B1E974E}.Debug|iPhone.Build.0 = Debug|iPhone
		{0B3804E2-E681-43BB-9FCB-CF2E5B1E974E}.Debug|iPhoneSimulator.ActiveCfg = Debug|iPhoneSimulator
		{0B3804E2-E681-43BB-9FCB-CF2E5B1E974E}.Debug|iPhoneSimulator.Build.0 = Debug|iPhoneSimulator
		{0B3804E2-E681-43BB-9FCB-CF2E5B1E974E}.Debug|x64.ActiveCfg = Debug|iPhoneSimulator
		{0B3804E2-E681-43BB-9FCB-CF2E5B1E974E}.Debug|x86.ActiveCfg = Debug|iPhoneSimulator
		{0B3804E2-E681-43BB-9FCB-CF2E5B1E974E}.Release|Any CPU.ActiveCfg = Release|iPhoneSimulator
		{0B3804E2-E681-43BB-9FCB-CF2E5B1E974E}.Release|ARM.ActiveCfg = Release|iPhoneSimulator
		{0B3804E2-E681-43BB-9FCB-CF2E5B1E974E}.Release|ARM64.ActiveCfg = Release|iPhoneSimulator
		{0B3804E2-E681-43BB-9FCB-CF2E5B1E974E}.Release|iPhone.ActiveCfg = Release|iPhone
		{0B3804E2-E681-43BB-9FCB-CF2E5B1E974E}.Release|iPhone.Build.0 = Release|iPhone
		{0B3804E2-E681-43BB-9FCB-CF2E5B1E974E}.Release|iPhoneSimulator.ActiveCfg = Release|iPhoneSimulator
		{0B3804E2-E681-43BB-9FCB-CF2E5B1E974E}.Release|iPhoneSimulator.Build.0 = Release|iPhoneSimulator
		{0B3804E2-E681-43BB-9FCB-CF2E5B1E974E}.Release|x64.ActiveCfg = Release|iPhoneSimulator
		{0B3804E2-E681-43BB-9FCB-CF2E5B1E974E}.Release|x86.ActiveCfg = Release|iPhoneSimulator
		{C76708C2-5524-45C5-B551-22CDDB1C9A17}.Ad-Hoc|Any CPU.ActiveCfg = Debug|x86
		{C76708C2-5524-45C5-B551-22CDDB1C9A17}.Ad-Hoc|Any CPU.Build.0 = Debug|x86
		{C76708C2-5524-45C5-B551-22CDDB1C9A17}.Ad-Hoc|Any CPU.Deploy.0 = Debug|x86
		{C76708C2-5524-45C5-B551-22CDDB1C9A17}.Ad-Hoc|ARM.ActiveCfg = Debug|ARM
		{C76708C2-5524-45C5-B551-22CDDB1C9A17}.Ad-Hoc|ARM.Build.0 = Debug|ARM
		{C76708C2-5524-45C5-B551-22CDDB1C9A17}.Ad-Hoc|ARM.Deploy.0 = Debug|ARM
		{C76708C2-5524-45C5-B551-22CDDB1C9A17}.Ad-Hoc|ARM64.ActiveCfg = Debug|ARM64
		{C76708C2-5524-45C5-B551-22CDDB1C9A17}.Ad-Hoc|ARM64.Build.0 = Debug|ARM64
		{C76708C2-5524-45C5-B551-22CDDB1C9A17}.Ad-Hoc|ARM64.Deploy.0 = Debug|ARM64
		{C76708C2-5524-45C5-B551-22CDDB1C9A17}.Ad-Hoc|iPhone.ActiveCfg = Debug|x86
		{C76708C2-5524-45C5-B551-22CDDB1C9A17}.Ad-Hoc|iPhone.Build.0 = Debug|x86
		{C76708C2-5524-45C5-B551-22CDDB1C9A17}.Ad-Hoc|iPhone.Deploy.0 = Debug|x86
		{C76708C2-5524-45C5-B551-22CDDB1C9A17}.Ad-Hoc|iPhoneSimulator.ActiveCfg = Debug|x86
		{C76708C2-5524-45C5-B551-22CDDB1C9A17}.Ad-Hoc|iPhoneSimulator.Build.0 = Debug|x86
		{C76708C2-5524-45C5-B551-22CDDB1C9A17}.Ad-Hoc|iPhoneSimulator.Deploy.0 = Debug|x86
		{C76708C2-5524-45C5-B551-22CDDB1C9A17}.Ad-Hoc|x64.ActiveCfg = Debug|x64
		{C76708C2-5524-45C5-B551-22CDDB1C9A17}.Ad-Hoc|x64.Build.0 = Debug|x64
		{C76708C2-5524-45C5-B551-22CDDB1C9A17}.Ad-Hoc|x64.Deploy.0 = Debug|x64
		{C76708C2-5524-45C5-B551-22CDDB1C9A17}.Ad-Hoc|x86.ActiveCfg = Debug|x86
		{C76708C2-5524-45C5-B551-22CDDB1C9A17}.Ad-Hoc|x86.Build.0 = Debug|x86
		{C76708C2-5524-45C5-B551-22CDDB1C9A17}.Ad-Hoc|x86.Deploy.0 = Debug|x86
		{C76708C2-5524-45C5-B551-22CDDB1C9A17}.AppStore|Any CPU.ActiveCfg = Debug|x86
		{C76708C2-5524-45C5-B551-22CDDB1C9A17}.AppStore|Any CPU.Build.0 = Debug|x86
		{C76708C2-5524-45C5-B551-22CDDB1C9A17}.AppStore|Any CPU.Deploy.0 = Debug|x86
		{C76708C2-5524-45C5-B551-22CDDB1C9A17}.AppStore|ARM.ActiveCfg = Debug|ARM
		{C76708C2-5524-45C5-B551-22CDDB1C9A17}.AppStore|ARM.Build.0 = Debug|ARM
		{C76708C2-5524-45C5-B551-22CDDB1C9A17}.AppStore|ARM.Deploy.0 = Debug|ARM
		{C76708C2-5524-45C5-B551-22CDDB1C9A17}.AppStore|ARM64.ActiveCfg = Debug|ARM64
		{C76708C2-5524-45C5-B551-22CDDB1C9A17}.AppStore|ARM64.Build.0 = Debug|ARM64
		{C76708C2-5524-45C5-B551-22CDDB1C9A17}.AppStore|ARM64.Deploy.0 = Debug|ARM64
		{C76708C2-5524-45C5-B551-22CDDB1C9A17}.AppStore|iPhone.ActiveCfg = Debug|x86
		{C76708C2-5524-45C5-B551-22CDDB1C9A17}.AppStore|iPhone.Build.0 = Debug|x86
		{C76708C2-5524-45C5-B551-22CDDB1C9A17}.AppStore|iPhone.Deploy.0 = Debug|x86
		{C76708C2-5524-45C5-B551-22CDDB1C9A17}.AppStore|iPhoneSimulator.ActiveCfg = Debug|x86
		{C76708C2-5524-45C5-B551-22CDDB1C9A17}.AppStore|iPhoneSimulator.Build.0 = Debug|x86
		{C76708C2-5524-45C5-B551-22CDDB1C9A17}.AppStore|iPhoneSimulator.Deploy.0 = Debug|x86
		{C76708C2-5524-45C5-B551-22CDDB1C9A17}.AppStore|x64.ActiveCfg = Debug|x64
		{C76708C2-5524-45C5-B551-22CDDB1C9A17}.AppStore|x64.Build.0 = Debug|x64
		{C76708C2-5524-45C5-B551-22CDDB1C9A17}.AppStore|x64.Deploy.0 = Debug|x64
		{C76708C2-5524-45C5-B551-22CDDB1C9A17}.AppStore|x86.ActiveCfg = Debug|x86
		{C76708C2-5524-45C5-B551-22CDDB1C9A17}.AppStore|x86.Build.0 = Debug|x86
		{C76708C2-5524-45C5-B551-22CDDB1C9A17}.AppStore|x86.Deploy.0 = Debug|x86
		{C76708C2-5524-45C5-B551-22CDDB1C9A17}.Debug|Any CPU.ActiveCfg = Debug|x86
		{C76708C2-5524-45C5-B551-22CDDB1C9A17}.Debug|Any CPU.Build.0 = Debug|x86
		{C76708C2-5524-45C5-B551-22CDDB1C9A17}.Debug|Any CPU.Deploy.0 = Debug|x86
		{C76708C2-5524-45C5-B551-22CDDB1C9A17}.Debug|ARM.ActiveCfg = Debug|ARM
		{C76708C2-5524-45C5-B551-22CDDB1C9A17}.Debug|ARM.Build.0 = Debug|ARM
		{C76708C2-5524-45C5-B551-22CDDB1C9A17}.Debug|ARM.Deploy.0 = Debug|ARM
		{C76708C2-5524-45C5-B551-22CDDB1C9A17}.Debug|ARM64.ActiveCfg = Debug|ARM64
		{C76708C2-5524-45C5-B551-22CDDB1C9A17}.Debug|ARM64.Build.0 = Debug|ARM64
		{C76708C2-5524-45C5-B551-22CDDB1C9A17}.Debug|ARM64.Deploy.0 = Debug|ARM64
		{C76708C2-5524-45C5-B551-22CDDB1C9A17}.Debug|iPhone.ActiveCfg = Debug|x86
		{C76708C2-5524-45C5-B551-22CDDB1C9A17}.Debug|iPhoneSimulator.ActiveCfg = Debug|x86
		{C76708C2-5524-45C5-B551-22CDDB1C9A17}.Debug|x64.ActiveCfg = Debug|x64
		{C76708C2-5524-45C5-B551-22CDDB1C9A17}.Debug|x64.Build.0 = Debug|x64
		{C76708C2-5524-45C5-B551-22CDDB1C9A17}.Debug|x64.Deploy.0 = Debug|x64
		{C76708C2-5524-45C5-B551-22CDDB1C9A17}.Debug|x86.ActiveCfg = Debug|x86
		{C76708C2-5524-45C5-B551-22CDDB1C9A17}.Debug|x86.Build.0 = Debug|x86
		{C76708C2-5524-45C5-B551-22CDDB1C9A17}.Debug|x86.Deploy.0 = Debug|x86
		{C76708C2-5524-45C5-B551-22CDDB1C9A17}.Release|Any CPU.ActiveCfg = Release|x86
		{C76708C2-5524-45C5-B551-22CDDB1C9A17}.Release|ARM.ActiveCfg = Release|ARM
		{C76708C2-5524-45C5-B551-22CDDB1C9A17}.Release|ARM.Build.0 = Release|ARM
		{C76708C2-5524-45C5-B551-22CDDB1C9A17}.Release|ARM.Deploy.0 = Release|ARM
		{C76708C2-5524-45C5-B551-22CDDB1C9A17}.Release|ARM64.ActiveCfg = Release|ARM64
		{C76708C2-5524-45C5-B551-22CDDB1C9A17}.Release|ARM64.Build.0 = Release|ARM64
		{C76708C2-5524-45C5-B551-22CDDB1C9A17}.Release|ARM64.Deploy.0 = Release|ARM64
		{C76708C2-5524-45C5-B551-22CDDB1C9A17}.Release|iPhone.ActiveCfg = Release|x86
		{C76708C2-5524-45C5-B551-22CDDB1C9A17}.Release|iPhoneSimulator.ActiveCfg = Release|x86
		{C76708C2-5524-45C5-B551-22CDDB1C9A17}.Release|x64.ActiveCfg = Release|x64
		{C76708C2-5524-45C5-B551-22CDDB1C9A17}.Release|x64.Build.0 = Release|x64
		{C76708C2-5524-45C5-B551-22CDDB1C9A17}.Release|x64.Deploy.0 = Release|x64
		{C76708C2-5524-45C5-B551-22CDDB1C9A17}.Release|x86.ActiveCfg = Release|x86
		{C76708C2-5524-45C5-B551-22CDDB1C9A17}.Release|x86.Build.0 = Release|x86
		{C76708C2-5524-45C5-B551-22CDDB1C9A17}.Release|x86.Deploy.0 = Release|x86
		{DBFC429A-5F21-4757-8765-66DCEC8E721C}.Ad-Hoc|Any CPU.ActiveCfg = Debug|Any CPU
		{DBFC429A-5F21-4757-8765-66DCEC8E721C}.Ad-Hoc|Any CPU.Build.0 = Debug|Any CPU
		{DBFC429A-5F21-4757-8765-66DCEC8E721C}.Ad-Hoc|ARM.ActiveCfg = Debug|Any CPU
		{DBFC429A-5F21-4757-8765-66DCEC8E721C}.Ad-Hoc|ARM.Build.0 = Debug|Any CPU
		{DBFC429A-5F21-4757-8765-66DCEC8E721C}.Ad-Hoc|ARM64.ActiveCfg = Debug|Any CPU
		{DBFC429A-5F21-4757-8765-66DCEC8E721C}.Ad-Hoc|ARM64.Build.0 = Debug|Any CPU
		{DBFC429A-5F21-4757-8765-66DCEC8E721C}.Ad-Hoc|iPhone.ActiveCfg = Debug|Any CPU
		{DBFC429A-5F21-4757-8765-66DCEC8E721C}.Ad-Hoc|iPhone.Build.0 = Debug|Any CPU
		{DBFC429A-5F21-4757-8765-66DCEC8E721C}.Ad-Hoc|iPhoneSimulator.ActiveCfg = Debug|Any CPU
		{DBFC429A-5F21-4757-8765-66DCEC8E721C}.Ad-Hoc|iPhoneSimulator.Build.0 = Debug|Any CPU
		{DBFC429A-5F21-4757-8765-66DCEC8E721C}.Ad-Hoc|x64.ActiveCfg = Debug|Any CPU
		{DBFC429A-5F21-4757-8765-66DCEC8E721C}.Ad-Hoc|x64.Build.0 = Debug|Any CPU
		{DBFC429A-5F21-4757-8765-66DCEC8E721C}.Ad-Hoc|x86.ActiveCfg = Debug|Any CPU
		{DBFC429A-5F21-4757-8765-66DCEC8E721C}.Ad-Hoc|x86.Build.0 = Debug|Any CPU
		{DBFC429A-5F21-4757-8765-66DCEC8E721C}.AppStore|Any CPU.ActiveCfg = Debug|Any CPU
		{DBFC429A-5F21-4757-8765-66DCEC8E721C}.AppStore|Any CPU.Build.0 = Debug|Any CPU
		{DBFC429A-5F21-4757-8765-66DCEC8E721C}.AppStore|ARM.ActiveCfg = Debug|Any CPU
		{DBFC429A-5F21-4757-8765-66DCEC8E721C}.AppStore|ARM.Build.0 = Debug|Any CPU
		{DBFC429A-5F21-4757-8765-66DCEC8E721C}.AppStore|ARM64.ActiveCfg = Debug|Any CPU
		{DBFC429A-5F21-4757-8765-66DCEC8E721C}.AppStore|ARM64.Build.0 = Debug|Any CPU
		{DBFC429A-5F21-4757-8765-66DCEC8E721C}.AppStore|iPhone.ActiveCfg = Debug|Any CPU
		{DBFC429A-5F21-4757-8765-66DCEC8E721C}.AppStore|iPhone.Build.0 = Debug|Any CPU
		{DBFC429A-5F21-4757-8765-66DCEC8E721C}.AppStore|iPhoneSimulator.ActiveCfg = Debug|Any CPU
		{DBFC429A-5F21-4757-8765-66DCEC8E721C}.AppStore|iPhoneSimulator.Build.0 = Debug|Any CPU
		{DBFC429A-5F21-4757-8765-66DCEC8E721C}.AppStore|x64.ActiveCfg = Debug|Any CPU
		{DBFC429A-5F21-4757-8765-66DCEC8E721C}.AppStore|x64.Build.0 = Debug|Any CPU
		{DBFC429A-5F21-4757-8765-66DCEC8E721C}.AppStore|x86.ActiveCfg = Debug|Any CPU
		{DBFC429A-5F21-4757-8765-66DCEC8E721C}.AppStore|x86.Build.0 = Debug|Any CPU
		{DBFC429A-5F21-4757-8765-66DCEC8E721C}.Debug|Any CPU.ActiveCfg = Debug|Any CPU
		{DBFC429A-5F21-4757-8765-66DCEC8E721C}.Debug|Any CPU.Build.0 = Debug|Any CPU
		{DBFC429A-5F21-4757-8765-66DCEC8E721C}.Debug|ARM.ActiveCfg = Debug|Any CPU
		{DBFC429A-5F21-4757-8765-66DCEC8E721C}.Debug|ARM.Build.0 = Debug|Any CPU
		{DBFC429A-5F21-4757-8765-66DCEC8E721C}.Debug|ARM64.ActiveCfg = Debug|Any CPU
		{DBFC429A-5F21-4757-8765-66DCEC8E721C}.Debug|ARM64.Build.0 = Debug|Any CPU
		{DBFC429A-5F21-4757-8765-66DCEC8E721C}.Debug|iPhone.ActiveCfg = Debug|Any CPU
		{DBFC429A-5F21-4757-8765-66DCEC8E721C}.Debug|iPhone.Build.0 = Debug|Any CPU
		{DBFC429A-5F21-4757-8765-66DCEC8E721C}.Debug|iPhoneSimulator.ActiveCfg = Debug|Any CPU
		{DBFC429A-5F21-4757-8765-66DCEC8E721C}.Debug|iPhoneSimulator.Build.0 = Debug|Any CPU
		{DBFC429A-5F21-4757-8765-66DCEC8E721C}.Debug|x64.ActiveCfg = Debug|Any CPU
		{DBFC429A-5F21-4757-8765-66DCEC8E721C}.Debug|x64.Build.0 = Debug|Any CPU
		{DBFC429A-5F21-4757-8765-66DCEC8E721C}.Debug|x86.ActiveCfg = Debug|Any CPU
		{DBFC429A-5F21-4757-8765-66DCEC8E721C}.Debug|x86.Build.0 = Debug|Any CPU
		{DBFC429A-5F21-4757-8765-66DCEC8E721C}.Release|Any CPU.ActiveCfg = Release|Any CPU
		{DBFC429A-5F21-4757-8765-66DCEC8E721C}.Release|Any CPU.Build.0 = Release|Any CPU
		{DBFC429A-5F21-4757-8765-66DCEC8E721C}.Release|ARM.ActiveCfg = Release|Any CPU
		{DBFC429A-5F21-4757-8765-66DCEC8E721C}.Release|ARM.Build.0 = Release|Any CPU
		{DBFC429A-5F21-4757-8765-66DCEC8E721C}.Release|ARM64.ActiveCfg = Release|Any CPU
		{DBFC429A-5F21-4757-8765-66DCEC8E721C}.Release|ARM64.Build.0 = Release|Any CPU
		{DBFC429A-5F21-4757-8765-66DCEC8E721C}.Release|iPhone.ActiveCfg = Release|Any CPU
		{DBFC429A-5F21-4757-8765-66DCEC8E721C}.Release|iPhone.Build.0 = Release|Any CPU
		{DBFC429A-5F21-4757-8765-66DCEC8E721C}.Release|iPhoneSimulator.ActiveCfg = Release|Any CPU
		{DBFC429A-5F21-4757-8765-66DCEC8E721C}.Release|iPhoneSimulator.Build.0 = Release|Any CPU
		{DBFC429A-5F21-4757-8765-66DCEC8E721C}.Release|x64.ActiveCfg = Release|Any CPU
		{DBFC429A-5F21-4757-8765-66DCEC8E721C}.Release|x64.Build.0 = Release|Any CPU
		{DBFC429A-5F21-4757-8765-66DCEC8E721C}.Release|x86.ActiveCfg = Release|Any CPU
		{DBFC429A-5F21-4757-8765-66DCEC8E721C}.Release|x86.Build.0 = Release|Any CPU
		{DEEFF9A5-A678-4A6E-ABD1-57CB1B7C1BDE}.Ad-Hoc|Any CPU.ActiveCfg = Debug|iPhoneSimulator
		{DEEFF9A5-A678-4A6E-ABD1-57CB1B7C1BDE}.Ad-Hoc|Any CPU.Build.0 = Debug|iPhoneSimulator
		{DEEFF9A5-A678-4A6E-ABD1-57CB1B7C1BDE}.Ad-Hoc|ARM.ActiveCfg = Debug|iPhoneSimulator
		{DEEFF9A5-A678-4A6E-ABD1-57CB1B7C1BDE}.Ad-Hoc|ARM.Build.0 = Debug|iPhoneSimulator
		{DEEFF9A5-A678-4A6E-ABD1-57CB1B7C1BDE}.Ad-Hoc|ARM64.ActiveCfg = Debug|iPhoneSimulator
		{DEEFF9A5-A678-4A6E-ABD1-57CB1B7C1BDE}.Ad-Hoc|ARM64.Build.0 = Debug|iPhoneSimulator
		{DEEFF9A5-A678-4A6E-ABD1-57CB1B7C1BDE}.Ad-Hoc|iPhone.ActiveCfg = Debug|iPhoneSimulator
		{DEEFF9A5-A678-4A6E-ABD1-57CB1B7C1BDE}.Ad-Hoc|iPhone.Build.0 = Debug|iPhoneSimulator
		{DEEFF9A5-A678-4A6E-ABD1-57CB1B7C1BDE}.Ad-Hoc|iPhoneSimulator.ActiveCfg = Debug|iPhoneSimulator
		{DEEFF9A5-A678-4A6E-ABD1-57CB1B7C1BDE}.Ad-Hoc|iPhoneSimulator.Build.0 = Debug|iPhoneSimulator
		{DEEFF9A5-A678-4A6E-ABD1-57CB1B7C1BDE}.Ad-Hoc|x64.ActiveCfg = Debug|iPhoneSimulator
		{DEEFF9A5-A678-4A6E-ABD1-57CB1B7C1BDE}.Ad-Hoc|x64.Build.0 = Debug|iPhoneSimulator
		{DEEFF9A5-A678-4A6E-ABD1-57CB1B7C1BDE}.Ad-Hoc|x86.ActiveCfg = Debug|iPhoneSimulator
		{DEEFF9A5-A678-4A6E-ABD1-57CB1B7C1BDE}.Ad-Hoc|x86.Build.0 = Debug|iPhoneSimulator
		{DEEFF9A5-A678-4A6E-ABD1-57CB1B7C1BDE}.AppStore|Any CPU.ActiveCfg = Debug|iPhoneSimulator
		{DEEFF9A5-A678-4A6E-ABD1-57CB1B7C1BDE}.AppStore|Any CPU.Build.0 = Debug|iPhoneSimulator
		{DEEFF9A5-A678-4A6E-ABD1-57CB1B7C1BDE}.AppStore|ARM.ActiveCfg = Debug|iPhoneSimulator
		{DEEFF9A5-A678-4A6E-ABD1-57CB1B7C1BDE}.AppStore|ARM.Build.0 = Debug|iPhoneSimulator
		{DEEFF9A5-A678-4A6E-ABD1-57CB1B7C1BDE}.AppStore|ARM64.ActiveCfg = Debug|iPhoneSimulator
		{DEEFF9A5-A678-4A6E-ABD1-57CB1B7C1BDE}.AppStore|ARM64.Build.0 = Debug|iPhoneSimulator
		{DEEFF9A5-A678-4A6E-ABD1-57CB1B7C1BDE}.AppStore|iPhone.ActiveCfg = Debug|iPhoneSimulator
		{DEEFF9A5-A678-4A6E-ABD1-57CB1B7C1BDE}.AppStore|iPhone.Build.0 = Debug|iPhoneSimulator
		{DEEFF9A5-A678-4A6E-ABD1-57CB1B7C1BDE}.AppStore|iPhoneSimulator.ActiveCfg = Debug|iPhoneSimulator
		{DEEFF9A5-A678-4A6E-ABD1-57CB1B7C1BDE}.AppStore|iPhoneSimulator.Build.0 = Debug|iPhoneSimulator
		{DEEFF9A5-A678-4A6E-ABD1-57CB1B7C1BDE}.AppStore|x64.ActiveCfg = Debug|iPhoneSimulator
		{DEEFF9A5-A678-4A6E-ABD1-57CB1B7C1BDE}.AppStore|x64.Build.0 = Debug|iPhoneSimulator
		{DEEFF9A5-A678-4A6E-ABD1-57CB1B7C1BDE}.AppStore|x86.ActiveCfg = Debug|iPhoneSimulator
		{DEEFF9A5-A678-4A6E-ABD1-57CB1B7C1BDE}.AppStore|x86.Build.0 = Debug|iPhoneSimulator
		{DEEFF9A5-A678-4A6E-ABD1-57CB1B7C1BDE}.Debug|Any CPU.ActiveCfg = Debug|iPhoneSimulator
		{DEEFF9A5-A678-4A6E-ABD1-57CB1B7C1BDE}.Debug|ARM.ActiveCfg = Debug|iPhoneSimulator
		{DEEFF9A5-A678-4A6E-ABD1-57CB1B7C1BDE}.Debug|ARM64.ActiveCfg = Debug|iPhoneSimulator
		{DEEFF9A5-A678-4A6E-ABD1-57CB1B7C1BDE}.Debug|iPhone.ActiveCfg = Debug|iPhoneSimulator
		{DEEFF9A5-A678-4A6E-ABD1-57CB1B7C1BDE}.Debug|iPhoneSimulator.ActiveCfg = Debug|iPhoneSimulator
		{DEEFF9A5-A678-4A6E-ABD1-57CB1B7C1BDE}.Debug|iPhoneSimulator.Build.0 = Debug|iPhoneSimulator
		{DEEFF9A5-A678-4A6E-ABD1-57CB1B7C1BDE}.Debug|x64.ActiveCfg = Debug|iPhoneSimulator
		{DEEFF9A5-A678-4A6E-ABD1-57CB1B7C1BDE}.Debug|x86.ActiveCfg = Debug|iPhoneSimulator
		{DEEFF9A5-A678-4A6E-ABD1-57CB1B7C1BDE}.Release|Any CPU.ActiveCfg = Release|iPhoneSimulator
		{DEEFF9A5-A678-4A6E-ABD1-57CB1B7C1BDE}.Release|ARM.ActiveCfg = Release|iPhoneSimulator
		{DEEFF9A5-A678-4A6E-ABD1-57CB1B7C1BDE}.Release|ARM64.ActiveCfg = Release|iPhoneSimulator
		{DEEFF9A5-A678-4A6E-ABD1-57CB1B7C1BDE}.Release|iPhone.ActiveCfg = Release|iPhoneSimulator
		{DEEFF9A5-A678-4A6E-ABD1-57CB1B7C1BDE}.Release|iPhoneSimulator.ActiveCfg = Release|iPhoneSimulator
		{DEEFF9A5-A678-4A6E-ABD1-57CB1B7C1BDE}.Release|iPhoneSimulator.Build.0 = Release|iPhoneSimulator
		{DEEFF9A5-A678-4A6E-ABD1-57CB1B7C1BDE}.Release|x64.ActiveCfg = Release|iPhoneSimulator
		{DEEFF9A5-A678-4A6E-ABD1-57CB1B7C1BDE}.Release|x86.ActiveCfg = Release|iPhoneSimulator
		{EDAB9595-32EF-44F3-A3BE-36BA56CD6545}.Ad-Hoc|Any CPU.ActiveCfg = Debug|Any CPU
		{EDAB9595-32EF-44F3-A3BE-36BA56CD6545}.Ad-Hoc|Any CPU.Build.0 = Debug|Any CPU
		{EDAB9595-32EF-44F3-A3BE-36BA56CD6545}.Ad-Hoc|ARM.ActiveCfg = Debug|Any CPU
		{EDAB9595-32EF-44F3-A3BE-36BA56CD6545}.Ad-Hoc|ARM.Build.0 = Debug|Any CPU
		{EDAB9595-32EF-44F3-A3BE-36BA56CD6545}.Ad-Hoc|ARM64.ActiveCfg = Debug|Any CPU
		{EDAB9595-32EF-44F3-A3BE-36BA56CD6545}.Ad-Hoc|ARM64.Build.0 = Debug|Any CPU
		{EDAB9595-32EF-44F3-A3BE-36BA56CD6545}.Ad-Hoc|iPhone.ActiveCfg = Debug|Any CPU
		{EDAB9595-32EF-44F3-A3BE-36BA56CD6545}.Ad-Hoc|iPhone.Build.0 = Debug|Any CPU
		{EDAB9595-32EF-44F3-A3BE-36BA56CD6545}.Ad-Hoc|iPhoneSimulator.ActiveCfg = Debug|Any CPU
		{EDAB9595-32EF-44F3-A3BE-36BA56CD6545}.Ad-Hoc|iPhoneSimulator.Build.0 = Debug|Any CPU
		{EDAB9595-32EF-44F3-A3BE-36BA56CD6545}.Ad-Hoc|x64.ActiveCfg = Debug|Any CPU
		{EDAB9595-32EF-44F3-A3BE-36BA56CD6545}.Ad-Hoc|x64.Build.0 = Debug|Any CPU
		{EDAB9595-32EF-44F3-A3BE-36BA56CD6545}.Ad-Hoc|x86.ActiveCfg = Debug|Any CPU
		{EDAB9595-32EF-44F3-A3BE-36BA56CD6545}.Ad-Hoc|x86.Build.0 = Debug|Any CPU
		{EDAB9595-32EF-44F3-A3BE-36BA56CD6545}.AppStore|Any CPU.ActiveCfg = Debug|Any CPU
		{EDAB9595-32EF-44F3-A3BE-36BA56CD6545}.AppStore|Any CPU.Build.0 = Debug|Any CPU
		{EDAB9595-32EF-44F3-A3BE-36BA56CD6545}.AppStore|ARM.ActiveCfg = Debug|Any CPU
		{EDAB9595-32EF-44F3-A3BE-36BA56CD6545}.AppStore|ARM.Build.0 = Debug|Any CPU
		{EDAB9595-32EF-44F3-A3BE-36BA56CD6545}.AppStore|ARM64.ActiveCfg = Debug|Any CPU
		{EDAB9595-32EF-44F3-A3BE-36BA56CD6545}.AppStore|ARM64.Build.0 = Debug|Any CPU
		{EDAB9595-32EF-44F3-A3BE-36BA56CD6545}.AppStore|iPhone.ActiveCfg = Debug|Any CPU
		{EDAB9595-32EF-44F3-A3BE-36BA56CD6545}.AppStore|iPhone.Build.0 = Debug|Any CPU
		{EDAB9595-32EF-44F3-A3BE-36BA56CD6545}.AppStore|iPhoneSimulator.ActiveCfg = Debug|Any CPU
		{EDAB9595-32EF-44F3-A3BE-36BA56CD6545}.AppStore|iPhoneSimulator.Build.0 = Debug|Any CPU
		{EDAB9595-32EF-44F3-A3BE-36BA56CD6545}.AppStore|x64.ActiveCfg = Debug|Any CPU
		{EDAB9595-32EF-44F3-A3BE-36BA56CD6545}.AppStore|x64.Build.0 = Debug|Any CPU
		{EDAB9595-32EF-44F3-A3BE-36BA56CD6545}.AppStore|x86.ActiveCfg = Debug|Any CPU
		{EDAB9595-32EF-44F3-A3BE-36BA56CD6545}.AppStore|x86.Build.0 = Debug|Any CPU
		{EDAB9595-32EF-44F3-A3BE-36BA56CD6545}.Debug|Any CPU.ActiveCfg = Debug|Any CPU
		{EDAB9595-32EF-44F3-A3BE-36BA56CD6545}.Debug|Any CPU.Build.0 = Debug|Any CPU
		{EDAB9595-32EF-44F3-A3BE-36BA56CD6545}.Debug|ARM.ActiveCfg = Debug|Any CPU
		{EDAB9595-32EF-44F3-A3BE-36BA56CD6545}.Debug|ARM.Build.0 = Debug|Any CPU
		{EDAB9595-32EF-44F3-A3BE-36BA56CD6545}.Debug|ARM64.ActiveCfg = Debug|Any CPU
		{EDAB9595-32EF-44F3-A3BE-36BA56CD6545}.Debug|ARM64.Build.0 = Debug|Any CPU
		{EDAB9595-32EF-44F3-A3BE-36BA56CD6545}.Debug|iPhone.ActiveCfg = Debug|Any CPU
		{EDAB9595-32EF-44F3-A3BE-36BA56CD6545}.Debug|iPhone.Build.0 = Debug|Any CPU
		{EDAB9595-32EF-44F3-A3BE-36BA56CD6545}.Debug|iPhoneSimulator.ActiveCfg = Debug|Any CPU
		{EDAB9595-32EF-44F3-A3BE-36BA56CD6545}.Debug|iPhoneSimulator.Build.0 = Debug|Any CPU
		{EDAB9595-32EF-44F3-A3BE-36BA56CD6545}.Debug|x64.ActiveCfg = Debug|Any CPU
		{EDAB9595-32EF-44F3-A3BE-36BA56CD6545}.Debug|x64.Build.0 = Debug|Any CPU
		{EDAB9595-32EF-44F3-A3BE-36BA56CD6545}.Debug|x86.ActiveCfg = Debug|Any CPU
		{EDAB9595-32EF-44F3-A3BE-36BA56CD6545}.Debug|x86.Build.0 = Debug|Any CPU
		{EDAB9595-32EF-44F3-A3BE-36BA56CD6545}.Release|Any CPU.ActiveCfg = Release|Any CPU
		{EDAB9595-32EF-44F3-A3BE-36BA56CD6545}.Release|Any CPU.Build.0 = Release|Any CPU
		{EDAB9595-32EF-44F3-A3BE-36BA56CD6545}.Release|ARM.ActiveCfg = Release|Any CPU
		{EDAB9595-32EF-44F3-A3BE-36BA56CD6545}.Release|ARM.Build.0 = Release|Any CPU
		{EDAB9595-32EF-44F3-A3BE-36BA56CD6545}.Release|ARM64.ActiveCfg = Release|Any CPU
		{EDAB9595-32EF-44F3-A3BE-36BA56CD6545}.Release|ARM64.Build.0 = Release|Any CPU
		{EDAB9595-32EF-44F3-A3BE-36BA56CD6545}.Release|iPhone.ActiveCfg = Release|Any CPU
		{EDAB9595-32EF-44F3-A3BE-36BA56CD6545}.Release|iPhone.Build.0 = Release|Any CPU
		{EDAB9595-32EF-44F3-A3BE-36BA56CD6545}.Release|iPhoneSimulator.ActiveCfg = Release|Any CPU
		{EDAB9595-32EF-44F3-A3BE-36BA56CD6545}.Release|iPhoneSimulator.Build.0 = Release|Any CPU
		{EDAB9595-32EF-44F3-A3BE-36BA56CD6545}.Release|x64.ActiveCfg = Release|Any CPU
		{EDAB9595-32EF-44F3-A3BE-36BA56CD6545}.Release|x64.Build.0 = Release|Any CPU
		{EDAB9595-32EF-44F3-A3BE-36BA56CD6545}.Release|x86.ActiveCfg = Release|Any CPU
		{EDAB9595-32EF-44F3-A3BE-36BA56CD6545}.Release|x86.Build.0 = Release|Any CPU
	EndGlobalSection
	GlobalSection(SolutionProperties) = preSolution
		HideSolutionNode = FALSE
	EndGlobalSection
	GlobalSection(NestedProjects) = preSolution
		{A274FBD3-89DA-41BC-809A-0A739AF8BFF3} = {D8498401-D09F-46A5-842D-0EBA625DB2EF}
		{0B3804E2-E681-43BB-9FCB-CF2E5B1E974E} = {D8498401-D09F-46A5-842D-0EBA625DB2EF}
		{C76708C2-5524-45C5-B551-22CDDB1C9A17} = {D8498401-D09F-46A5-842D-0EBA625DB2EF}
		{DBFC429A-5F21-4757-8765-66DCEC8E721C} = {D8498401-D09F-46A5-842D-0EBA625DB2EF}
		{DEEFF9A5-A678-4A6E-ABD1-57CB1B7C1BDE} = {D8498401-D09F-46A5-842D-0EBA625DB2EF}
		{EDAB9595-32EF-44F3-A3BE-36BA56CD6545} = {D8498401-D09F-46A5-842D-0EBA625DB2EF}
	EndGlobalSection
	GlobalSection(ExtensibilityGlobals) = postSolution
		SolutionGuid = {4AF32BBA-002B-447F-9247-618C2F8A0CB5}
	EndGlobalSection
EndGlobal
